
Microsoft Visual Studio Solution File, Format Version 12.00
# Visual Studio Version 17
VisualStudioVersion = 17.0.32126.317
MinimumVisualStudioVersion = 10.0.40219.1
Project("{FAE04EC0-301F-11D3-BF4B-00C04F79EFBC}") = "WinFormsApp2", "WinFormsApp2\WinFormsApp2.csproj", "{71104169-0381-4B07-9F9C-7D2CEF483F4B}"
EndProject
Global
	GlobalSection(SolutionConfigurationPlatforms) = preSolution
		Debug|Any CPU = Debug|Any CPU
		Release|Any CPU = Release|Any CPU
	EndGlobalSection
	GlobalSection(ProjectConfigurationPlatforms) = postSolution
		{71104169-0381-4B07-9F9C-7D2CEF483F4B}.Debug|Any CPU.ActiveCfg = Debug|Any CPU
		{71104169-0381-4B07-9F9C-7D2CEF483F4B}.Debug|Any CPU.Build.0 = Debug|Any CPU
		{71104169-0381-4B07-9F9C-7D2CEF483F4B}.Release|Any CPU.ActiveCfg = Release|Any CPU
		{71104169-0381-4B07-9F9C-7D2CEF483F4B}.Release|Any CPU.Build.0 = Release|Any CPU
	EndGlobalSection
	GlobalSection(SolutionProperties) = preSolution
		HideSolutionNode = FALSE
	EndGlobalSection
	GlobalSection(ExtensibilityGlobals) = postSolution
		SolutionGuid = {06388786-611A-4C14-8766-AAD540249FC0}
	EndGlobalSection
EndGlobal
